
Microsoft Visual Studio Solution File, Format Version 12.00
# Visual Studio Version 17
VisualStudioVersion = 17.14.36414.22 d17.14
MinimumVisualStudioVersion = 10.0.40219.1
Project("{FAE04EC0-301F-11D3-BF4B-00C04F79EFBC}") = "ConsoleApp1", "ConsoleApp1.csproj", "{3D206CE9-51B9-449C-9694-449B79A0C8E6}"
EndProject
Global
	GlobalSection(SolutionConfigurationPlatforms) = preSolution
		Debug|Any CPU = Debug|Any CPU
		Release|Any CPU = Release|Any CPU
	EndGlobalSection
	GlobalSection(ProjectConfigurationPlatforms) = postSolution
		{3D206CE9-51B9-449C-9694-449B79A0C8E6}.Debug|Any CPU.ActiveCfg = Debug|Any CPU
		{3D206CE9-51B9-449C-9694-449B79A0C8E6}.Debug|Any CPU.Build.0 = Debug|Any CPU
		{3D206CE9-51B9-449C-9694-449B79A0C8E6}.Release|Any CPU.ActiveCfg = Release|Any CPU
		{3D206CE9-51B9-449C-9694-449B79A0C8E6}.Release|Any CPU.Build.0 = Release|Any CPU
	EndGlobalSection
	GlobalSection(SolutionProperties) = preSolution
		HideSolutionNode = FALSE
	EndGlobalSection
	GlobalSection(ExtensibilityGlobals) = postSolution
		SolutionGuid = {79E89FC0-FF9C-4E32-855C-BF98323EFEA4}
	EndGlobalSection
EndGlobal
